
Microsoft Visual Studio Solution File, Format Version 12.00
# Visual Studio Version 17
VisualStudioVersion = 17.4.33103.184
MinimumVisualStudioVersion = 10.0.40219.1
Project("{FAE04EC0-301F-11D3-BF4B-00C04F79EFBC}") = "LearnSignalR", "LearnSignalR\LearnSignalR.csproj", "{09749CC6-FD3A-446E-BEDC-F7B2BF088CA1}"
EndProject
Project("{FAE04EC0-301F-11D3-BF4B-00C04F79EFBC}") = "LearnSignalR.TestChatHub", "LearnSignalR.TestChatHub\LearnSignalR.TestChatHub.csproj", "{D5063C7E-45F3-4799-9EF3-9C877BE5F2FF}"
EndProject
Global
	GlobalSection(SolutionConfigurationPlatforms) = preSolution
		Debug|Any CPU = Debug|Any CPU
		Release|Any CPU = Release|Any CPU
	EndGlobalSection
	GlobalSection(ProjectConfigurationPlatforms) = postSolution
		{09749CC6-FD3A-446E-BEDC-F7B2BF088CA1}.Debug|Any CPU.ActiveCfg = Debug|Any CPU
		{09749CC6-FD3A-446E-BEDC-F7B2BF088CA1}.Debug|Any CPU.Build.0 = Debug|Any CPU
		{09749CC6-FD3A-446E-BEDC-F7B2BF088CA1}.Release|Any CPU.ActiveCfg = Release|Any CPU
		{09749CC6-FD3A-446E-BEDC-F7B2BF088CA1}.Release|Any CPU.Build.0 = Release|Any CPU
		{D5063C7E-45F3-4799-9EF3-9C877BE5F2FF}.Debug|Any CPU.ActiveCfg = Debug|Any CPU
		{D5063C7E-45F3-4799-9EF3-9C877BE5F2FF}.Debug|Any CPU.Build.0 = Debug|Any CPU
		{D5063C7E-45F3-4799-9EF3-9C877BE5F2FF}.Release|Any CPU.ActiveCfg = Release|Any CPU
		{D5063C7E-45F3-4799-9EF3-9C877BE5F2FF}.Release|Any CPU.Build.0 = Release|Any CPU
	EndGlobalSection
	GlobalSection(SolutionProperties) = preSolution
		HideSolutionNode = FALSE
	EndGlobalSection
	GlobalSection(ExtensibilityGlobals) = postSolution
		SolutionGuid = {98F09D30-226B-4C68-84BE-BEEFF2298A7D}
	EndGlobalSection
EndGlobal
