
Microsoft Visual Studio Solution File, Format Version 12.00
# Visual Studio Version 17
VisualStudioVersion = 17.4.33103.184
MinimumVisualStudioVersion = 10.0.40219.1
Project("{FAE04EC0-301F-11D3-BF4B-00C04F79EFBC}") = "LearnException", "LearnException\LearnException.csproj", "{7E3E745F-75DA-4517-A101-053E9302CE72}"
EndProject
Global
	GlobalSection(SolutionConfigurationPlatforms) = preSolution
		Debug|Any CPU = Debug|Any CPU
		Release|Any CPU = Release|Any CPU
	EndGlobalSection
	GlobalSection(ProjectConfigurationPlatforms) = postSolution
		{7E3E745F-75DA-4517-A101-053E9302CE72}.Debug|Any CPU.ActiveCfg = Debug|Any CPU
		{7E3E745F-75DA-4517-A101-053E9302CE72}.Debug|Any CPU.Build.0 = Debug|Any CPU
		{7E3E745F-75DA-4517-A101-053E9302CE72}.Release|Any CPU.ActiveCfg = Release|Any CPU
		{7E3E745F-75DA-4517-A101-053E9302CE72}.Release|Any CPU.Build.0 = Release|Any CPU
	EndGlobalSection
	GlobalSection(SolutionProperties) = preSolution
		HideSolutionNode = FALSE
	EndGlobalSection
	GlobalSection(ExtensibilityGlobals) = postSolution
		SolutionGuid = {AB153D68-87F1-4CDC-A15D-7C31E15F4D42}
	EndGlobalSection
EndGlobal
