
Microsoft Visual Studio Solution File, Format Version 12.00
# Visual Studio Version 17
VisualStudioVersion = 17.4.33103.184
MinimumVisualStudioVersion = 10.0.40219.1
Project("{FAE04EC0-301F-11D3-BF4B-00C04F79EFBC}") = "LearnHttpClient", "LearnHttpClient\LearnHttpClient.csproj", "{F39C70C2-DAC0-450B-A97D-BFB99B5A20A7}"
EndProject
Global
	GlobalSection(SolutionConfigurationPlatforms) = preSolution
		Debug|Any CPU = Debug|Any CPU
		Release|Any CPU = Release|Any CPU
	EndGlobalSection
	GlobalSection(ProjectConfigurationPlatforms) = postSolution
		{F39C70C2-DAC0-450B-A97D-BFB99B5A20A7}.Debug|Any CPU.ActiveCfg = Debug|Any CPU
		{F39C70C2-DAC0-450B-A97D-BFB99B5A20A7}.Debug|Any CPU.Build.0 = Debug|Any CPU
		{F39C70C2-DAC0-450B-A97D-BFB99B5A20A7}.Release|Any CPU.ActiveCfg = Release|Any CPU
		{F39C70C2-DAC0-450B-A97D-BFB99B5A20A7}.Release|Any CPU.Build.0 = Release|Any CPU
	EndGlobalSection
	GlobalSection(SolutionProperties) = preSolution
		HideSolutionNode = FALSE
	EndGlobalSection
	GlobalSection(ExtensibilityGlobals) = postSolution
		SolutionGuid = {7CB0EB18-E766-45D7-92FF-5A0214E9083A}
	EndGlobalSection
EndGlobal
